
Microsoft Visual Studio Solution File, Format Version 12.00
# Visual Studio Version 17
VisualStudioVersion = 17.14.36327.8 d17.14
MinimumVisualStudioVersion = 10.0.40219.1
Project("{8BC9CEB8-8B4A-11D0-8D11-00A0C91BC942}") = "TransformersDrugiPut", "TransformersDrugiPut\TransformersDrugiPut.vcxproj", "{33FB3A25-CAE2-4156-181E-53360FBA71D2}"
EndProject
Global
	GlobalSection(SolutionConfigurationPlatforms) = preSolution
		Debug|x64 = Debug|x64
		Debug|x86 = Debug|x86
		Release|x64 = Release|x64
		Release|x86 = Release|x86
	EndGlobalSection
	GlobalSection(ProjectConfigurationPlatforms) = postSolution
		{33FB3A25-CAE2-4156-181E-53360FBA71D2}.Debug|x64.ActiveCfg = Debug|x64
		{33FB3A25-CAE2-4156-181E-53360FBA71D2}.Debug|x64.Build.0 = Debug|x64
		{33FB3A25-CAE2-4156-181E-53360FBA71D2}.Debug|x86.ActiveCfg = Debug|Win32
		{33FB3A25-CAE2-4156-181E-53360FBA71D2}.Debug|x86.Build.0 = Debug|Win32
		{33FB3A25-CAE2-4156-181E-53360FBA71D2}.Release|x64.ActiveCfg = Release|x64
		{33FB3A25-CAE2-4156-181E-53360FBA71D2}.Release|x64.Build.0 = Release|x64
		{33FB3A25-CAE2-4156-181E-53360FBA71D2}.Release|x86.ActiveCfg = Release|Win32
		{33FB3A25-CAE2-4156-181E-53360FBA71D2}.Release|x86.Build.0 = Release|Win32
	EndGlobalSection
	GlobalSection(SolutionProperties) = preSolution
		HideSolutionNode = FALSE
	EndGlobalSection
	GlobalSection(ExtensibilityGlobals) = postSolution
		SolutionGuid = {F71CA019-EDBA-465B-BCC7-E67E113813C8}
	EndGlobalSection
EndGlobal
